{
  "version": "5",
  "specifiers": {
    "npm:@jsr/bounded-systems__env@0.2": "0.2.0",
    "npm:@jsr/bounded-systems__policy@~0.2.1": "0.2.1",
    "npm:@types/bun@^1.3.14": "1.3.14",
    "npm:typescript@^6.0.3": "6.0.3",
    "npm:zod@^4.4.3": "4.4.3"
  },
  "npm": {
    "@jsr/bounded-systems__env@0.2.0": {
      "integrity": "sha512-5WqnPWlI4TI30T+FUWFXAQfZWV6epGQwScGeyVGh1ylNsLyscTyVdgiqBtdaJvQ1JGN6YaWqjZ7gq1dQC+THEA==",
      "tarball": "https://npm.jsr.io/~/11/@jsr/bounded-systems__env/0.2.0.tgz"
    },
    "@jsr/bounded-systems__policy@0.2.1": {
      "integrity": "sha512-5ppqxSi1rmo10S07M1zOCGGCWkRkXhXWWQG4XFcGLER+GPbptuitixcUPnMyXMgly8Kc+k8prJWU6nrh/L+X3g==",
      "tarball": "https://npm.jsr.io/~/11/@jsr/bounded-systems__policy/0.2.1.tgz"
    },
    "@types/bun@1.3.14": {
      "integrity": "sha512-h1hFqFVcvAvD9j9K7ZW7vd82aSA+rTdznZa+5bwvCwqSB1jmmfLcbIWhOLx1/+boy/xmjgCs/OMUL8hRJSmnPw==",
      "dependencies": [
        "bun-types"
      ]
    },
    "@types/node@26.0.0": {
      "integrity": "sha512-vf2YFi1iY9lHGwNJMs01biZFbKJkrZR1T6/MlzjhJLPdntOHLhTrDSnSVcdtvjihi4VQNlrFRIxLsDBlQpAipA==",
      "dependencies": [
        "undici-types"
      ]
    },
    "bun-types@1.3.14": {
      "integrity": "sha512-4N0ig0fEomHt5R0KCFWjovxow98rIoRwKolrYdCcknNwMekCXRnWEUvgu5soYV8QXtVsrUD8B95MBOZGPvr6KQ==",
      "dependencies": [
        "@types/node"
      ]
    },
    "typescript@6.0.3": {
      "integrity": "sha512-y2TvuxSZPDyQakkFRPZHKFm+KKVqIisdg9/CZwm9ftvKXLP8NRWj38/ODjNbr43SsoXqNuAisEf1GdCxqWcdBw==",
      "bin": true
    },
    "undici-types@8.3.0": {
      "integrity": "sha512-j375ScV60dom+YkPFIfTLcOiPxkN/buHz5GobjLhixFuANaNs3C9l4GmrWqejgXWJ7BbJcFYpTEUkS1Ge8bpZQ=="
    },
    "zod@4.4.3": {
      "integrity": "sha512-ytENFjIJFl2UwYglde2jchW2Hwm4GJFLDiSXWdTrJQBIN9Fcyp7n4DhxJEiWNAJMV1/BqWfW/kkg71UDcHJyTQ=="
    }
  },
  "workspace": {
    "packageJson": {
      "dependencies": [
        "npm:@jsr/bounded-systems__env@0.2",
        "npm:@jsr/bounded-systems__policy@~0.2.1",
        "npm:@types/bun@^1.3.14",
        "npm:typescript@^6.0.3",
        "npm:zod@^4.4.3"
      ]
    }
  }
}
